
Microsoft Visual Studio Solution File, Format Version 12.00
# Visual Studio Version 17
VisualStudioVersion = 17.11.35312.102
MinimumVisualStudioVersion = 10.0.40219.1
Project("{FAE04EC0-301F-11D3-BF4B-00C04F79EFBC}") = "wise26-09", "wise26-09\wise26-09.csproj", "{97C15794-A894-4B9F-B254-A7CA4078C15F}"
EndProject
Global
	GlobalSection(SolutionConfigurationPlatforms) = preSolution
		Debug|Any CPU = Debug|Any CPU
		Release|Any CPU = Release|Any CPU
	EndGlobalSection
	GlobalSection(ProjectConfigurationPlatforms) = postSolution
		{97C15794-A894-4B9F-B254-A7CA4078C15F}.Debug|Any CPU.ActiveCfg = Debug|Any CPU
		{97C15794-A894-4B9F-B254-A7CA4078C15F}.Debug|Any CPU.Build.0 = Debug|Any CPU
		{97C15794-A894-4B9F-B254-A7CA4078C15F}.Release|Any CPU.ActiveCfg = Release|Any CPU
		{97C15794-A894-4B9F-B254-A7CA4078C15F}.Release|Any CPU.Build.0 = Release|Any CPU
	EndGlobalSection
	GlobalSection(SolutionProperties) = preSolution
		HideSolutionNode = FALSE
	EndGlobalSection
	GlobalSection(ExtensibilityGlobals) = postSolution
		SolutionGuid = {3B247C65-6B93-4E0B-9DCB-A0FC3EFE0F4E}
	EndGlobalSection
EndGlobal
